{
  "nodes": {
    "nixpkgs": {
      "locked": {
        "lastModified": 1728409405,
        "narHash": "sha256-kk530XBUGDpt0DQbyUb3yDpSddPqF9PA5KTo/nsmmg0=",
        "owner": "nixOS",
        "repo": "nixpkgs",
        "rev": "1366d1af8f58325602280e43ed6233849fb92216",
        "type": "github"
      },
      "original": {
        "owner": "nixOS",
        "ref": "nixpkgs-unstable",
        "repo": "nixpkgs",
        "type": "github"
      }
    },
    "root": {
      "inputs": {
        "nixpkgs": "nixpkgs",
        "rust-overlay": "rust-overlay"
      }
    },
    "rust-overlay": {
      "inputs": {
        "nixpkgs": [
          "nixpkgs"
        ]
      },
      "locked": {
        "lastModified": 1728461096,
        "narHash": "sha256-cd0cXB85B3kGpm+iumP9xCnqFErspXL9Z/2X59kQ6c4=",
        "owner": "oxalica",
        "repo": "rust-overlay",
        "rev": "e310b9bd71fa6c6a9fec0a8cf5af43ce798a0ad6",
        "type": "github"
      },
      "original": {
        "owner": "oxalica",
        "repo": "rust-overlay",
        "type": "github"
      }
    }
  },
  "root": "root",
  "version": 7
}
